// !$*UTF8*$!
{
	archiveVersion = 1;
	classes = {
	};
	objectVersion = 45;
	objects = {

/* Begin PBXBuildFile section */
		1D3623260D0F684500981E51 /* PowerDownAppDelegate.m in Sources */ = {isa = PBXBuildFile; fileRef = 1D3623250D0F684500981E51 /* PowerDownAppDelegate.m */; };
		1D60589B0D05DD56006BFB54 /* main.m in Sources */ = {isa = PBXBuildFile; fileRef = 29B97316FDCFA39411CA2CEA /* main.m */; };
		1D60589F0D05DD5A006BFB54 /* Foundation.framework in Frameworks */ = {isa = PBXBuildFile; fileRef = 1D30AB110D05D00D00671497 /* Foundation.framework */; };
		1DF5F4E00D08C38300B7A737 /* UIKit.framework in Frameworks */ = {isa = PBXBuildFile; fileRef = 1DF5F4DF0D08C38300B7A737 /* UIKit.framework */; };
		288765FD0DF74451002DB57D /* CoreGraphics.framework in Frameworks */ = {isa = PBXBuildFile; fileRef = 288765FC0DF74451002DB57D /* CoreGraphics.framework */; };
		28AD733F0D9D9553002E5188 /* MainWindow.xib in Resources */ = {isa = PBXBuildFile; fileRef = 28AD733E0D9D9553002E5188 /* MainWindow.xib */; };
		6A003FE211C0CFA500F08B3B /* fisch1.png in Resources */ = {isa = PBXBuildFile; fileRef = 6A003FE111C0CFA500F08B3B /* fisch1.png */; };
		6A32D28711BBC8C2004D72A6 /* ChallengeData.plist in Resources */ = {isa = PBXBuildFile; fileRef = 6A32D28611BBC8C2004D72A6 /* ChallengeData.plist */; };
		6A32D28F11BBC8EF004D72A6 /* IndividualSubviewsBasedApplicationCell.m in Sources */ = {isa = PBXBuildFile; fileRef = 6A32D28B11BBC8EF004D72A6 /* IndividualSubviewsBasedApplicationCell.m */; };
		6A32D29011BBC8EF004D72A6 /* ApplicationCell.m in Sources */ = {isa = PBXBuildFile; fileRef = 6A32D28D11BBC8EF004D72A6 /* ApplicationCell.m */; };
		6A32D29211BBC957004D72A6 /* ChallengeView.xib in Resources */ = {isa = PBXBuildFile; fileRef = 6A32D29111BBC957004D72A6 /* ChallengeView.xib */; };
		6A32D30511BBD043004D72A6 /* IndividualSubviewsBasedApplicationCell.xib in Resources */ = {isa = PBXBuildFile; fileRef = 6A32D30311BBD043004D72A6 /* IndividualSubviewsBasedApplicationCell.xib */; };
		6A32D3A711BBDB21004D72A6 /* Baseball.png in Resources */ = {isa = PBXBuildFile; fileRef = 6A32D3A411BBDB21004D72A6 /* Baseball.png */; };
		6A32D3A811BBDB21004D72A6 /* Blocks.png in Resources */ = {isa = PBXBuildFile; fileRef = 6A32D3A511BBDB21004D72A6 /* Blocks.png */; };
		6A32D3A911BBDB21004D72A6 /* Checkers.png in Resources */ = {isa = PBXBuildFile; fileRef = 6A32D3A611BBDB21004D72A6 /* Checkers.png */; };
		6A51D4AD11C0CF0000F6925E /* aquarium2.png in Resources */ = {isa = PBXBuildFile; fileRef = 6A51D4A511C0CF0000F6925E /* aquarium2.png */; };
		6A51D4AE11C0CF0000F6925E /* aquarium1.png in Resources */ = {isa = PBXBuildFile; fileRef = 6A51D4A611C0CF0000F6925E /* aquarium1.png */; };
		6A51D4AF11C0CF0000F6925E /* fisch5.png in Resources */ = {isa = PBXBuildFile; fileRef = 6A51D4A711C0CF0000F6925E /* fisch5.png */; };
		6A51D4B011C0CF0000F6925E /* aquarium_Foto.png in Resources */ = {isa = PBXBuildFile; fileRef = 6A51D4A811C0CF0000F6925E /* aquarium_Foto.png */; };
		6A51D4B111C0CF0000F6925E /* fisch4.png in Resources */ = {isa = PBXBuildFile; fileRef = 6A51D4A911C0CF0000F6925E /* fisch4.png */; };
		6A51D4B211C0CF0000F6925E /* fisch3.png in Resources */ = {isa = PBXBuildFile; fileRef = 6A51D4AA11C0CF0000F6925E /* fisch3.png */; };
		6A51D4B311C0CF0000F6925E /* fisch2.png in Resources */ = {isa = PBXBuildFile; fileRef = 6A51D4AB11C0CF0000F6925E /* fisch2.png */; };
		6AAABDA711BFD786002E0F61 /* ArenaView.xib in Resources */ = {isa = PBXBuildFile; fileRef = 6AAABDA611BFD786002E0F61 /* ArenaView.xib */; };
		6AAD44A111BE782B0099AC5D /* square.png in Resources */ = {isa = PBXBuildFile; fileRef = 6AAD44A011BE782B0099AC5D /* square.png */; };
		6ACB74DA11BFF26300FE9515 /* ArenaData.plist in Resources */ = {isa = PBXBuildFile; fileRef = 6ACB74D911BFF26300FE9515 /* ArenaData.plist */; };
		6ACB753611BFF7F700FE9515 /* ArenaApplicationCell.xib in Resources */ = {isa = PBXBuildFile; fileRef = 6ACB753411BFF7F700FE9515 /* ArenaApplicationCell.xib */; };
		6ACB753911BFF85E00FE9515 /* ArenaApplicationCell.m in Sources */ = {isa = PBXBuildFile; fileRef = 6ACB753811BFF85E00FE9515 /* ArenaApplicationCell.m */; };
		6AF699FF11BBC18900E8BE73 /* MyViewController.m in Sources */ = {isa = PBXBuildFile; fileRef = 6AF699F411BBC18900E8BE73 /* MyViewController.m */; };
		6AF69A0011BBC18900E8BE73 /* ChallengeViewController.m in Sources */ = {isa = PBXBuildFile; fileRef = 6AF699F611BBC18900E8BE73 /* ChallengeViewController.m */; };
		6AF69A0111BBC18900E8BE73 /* ShopViewController.m in Sources */ = {isa = PBXBuildFile; fileRef = 6AF699F811BBC18900E8BE73 /* ShopViewController.m */; };
		6AF69A0211BBC18900E8BE73 /* PlaceViewController.m in Sources */ = {isa = PBXBuildFile; fileRef = 6AF699FA11BBC18900E8BE73 /* PlaceViewController.m */; };
		6AF69A0311BBC18900E8BE73 /* ArenaViewController.m in Sources */ = {isa = PBXBuildFile; fileRef = 6AF699FC11BBC18900E8BE73 /* ArenaViewController.m */; };
		6AF69A0411BBC18900E8BE73 /* AquariumViewController.m in Sources */ = {isa = PBXBuildFile; fileRef = 6AF699FE11BBC18900E8BE73 /* AquariumViewController.m */; };
		6AF69A1211BBC1C800E8BE73 /* aquarium.png in Resources */ = {isa = PBXBuildFile; fileRef = 6AF69A0C11BBC1C800E8BE73 /* aquarium.png */; };
		6AF69A1311BBC1C800E8BE73 /* arena.png in Resources */ = {isa = PBXBuildFile; fileRef = 6AF69A0D11BBC1C800E8BE73 /* arena.png */; };
		6AF69A1411BBC1C800E8BE73 /* challenges.png in Resources */ = {isa = PBXBuildFile; fileRef = 6AF69A0E11BBC1C800E8BE73 /* challenges.png */; };
		6AF69A1511BBC1C800E8BE73 /* place.png in Resources */ = {isa = PBXBuildFile; fileRef = 6AF69A0F11BBC1C800E8BE73 /* place.png */; };
		6AF69A1611BBC1C800E8BE73 /* shop.png in Resources */ = {isa = PBXBuildFile; fileRef = 6AF69A1011BBC1C800E8BE73 /* shop.png */; };
		6AF69A1711BBC1C800E8BE73 /* Default.png in Resources */ = {isa = PBXBuildFile; fileRef = 6AF69A1111BBC1C800E8BE73 /* Default.png */; };
		6AF69A2011BBC22300E8BE73 /* ShopView.xib in Resources */ = {isa = PBXBuildFile; fileRef = 6AF69A1B11BBC22300E8BE73 /* ShopView.xib */; };
		6AF69A2211BBC22300E8BE73 /* PlaceView.xib in Resources */ = {isa = PBXBuildFile; fileRef = 6AF69A1D11BBC22300E8BE73 /* PlaceView.xib */; };
		6AF69A2311BBC22300E8BE73 /* AquariumView.xib in Resources */ = {isa = PBXBuildFile; fileRef = 6AF69A1E11BBC22300E8BE73 /* AquariumView.xib */; };
		6AF69A2D11BBC27700E8BE73 /* MyView.xib in Resources */ = {isa = PBXBuildFile; fileRef = 6AF69A2A11BBC27700E8BE73 /* MyView.xib */; };
/* End PBXBuildFile section */

/* Begin PBXFileReference section */
		1D30AB110D05D00D00671497 /* Foundation.framework */ = {isa = PBXFileReference; lastKnownFileType = wrapper.framework; name = Foundation.framework; path = System/Library/Frameworks/Foundation.framework; sourceTree = SDKROOT; };
		1D3623240D0F684500981E51 /* PowerDownAppDelegate.h */ = {isa = PBXFileReference; fileEncoding = 4; lastKnownFileType = sourcecode.c.h; path = PowerDownAppDelegate.h; sourceTree = "<group>"; };
		1D3623250D0F684500981E51 /* PowerDownAppDelegate.m */ = {isa = PBXFileReference; fileEncoding = 4; lastKnownFileType = sourcecode.c.objc; path = PowerDownAppDelegate.m; sourceTree = "<group>"; };
		1D6058910D05DD3D006BFB54 /* PowerDown.app */ = {isa = PBXFileReference; explicitFileType = wrapper.application; includeInIndex = 0; path = PowerDown.app; sourceTree = BUILT_PRODUCTS_DIR; };
		1DF5F4DF0D08C38300B7A737 /* UIKit.framework */ = {isa = PBXFileReference; lastKnownFileType = wrapper.framework; name = UIKit.framework; path = System/Library/Frameworks/UIKit.framework; sourceTree = SDKROOT; };
		288765FC0DF74451002DB57D /* CoreGraphics.framework */ = {isa = PBXFileReference; lastKnownFileType = wrapper.framework; name = CoreGraphics.framework; path = System/Library/Frameworks/CoreGraphics.framework; sourceTree = SDKROOT; };
		28AD733E0D9D9553002E5188 /* MainWindow.xib */ = {isa = PBXFileReference; lastKnownFileType = file.xib; path = MainWindow.xib; sourceTree = "<group>"; };
		29B97316FDCFA39411CA2CEA /* main.m */ = {isa = PBXFileReference; fileEncoding = 4; lastKnownFileType = sourcecode.c.objc; path = main.m; sourceTree = "<group>"; };
		32CA4F630368D1EE00C91783 /* PowerDown_Prefix.pch */ = {isa = PBXFileReference; fileEncoding = 4; lastKnownFileType = sourcecode.c.h; path = PowerDown_Prefix.pch; sourceTree = "<group>"; };
		6A003FE111C0CFA500F08B3B /* fisch1.png */ = {isa = PBXFileReference; lastKnownFileType = image.png; path = fisch1.png; sourceTree = "<group>"; };
		6A32D28611BBC8C2004D72A6 /* ChallengeData.plist */ = {isa = PBXFileReference; fileEncoding = 4; lastKnownFileType = text.plist.xml; path = ChallengeData.plist; sourceTree = "<group>"; };
		6A32D28A11BBC8EF004D72A6 /* IndividualSubviewsBasedApplicationCell.h */ = {isa = PBXFileReference; fileEncoding = 4; lastKnownFileType = sourcecode.c.h; path = IndividualSubviewsBasedApplicationCell.h; sourceTree = "<group>"; };
		6A32D28B11BBC8EF004D72A6 /* IndividualSubviewsBasedApplicationCell.m */ = {isa = PBXFileReference; fileEncoding = 4; lastKnownFileType = sourcecode.c.objc; path = IndividualSubviewsBasedApplicationCell.m; sourceTree = "<group>"; };
		6A32D28C11BBC8EF004D72A6 /* ApplicationCell.h */ = {isa = PBXFileReference; fileEncoding = 4; lastKnownFileType = sourcecode.c.h; path = ApplicationCell.h; sourceTree = "<group>"; };
		6A32D28D11BBC8EF004D72A6 /* ApplicationCell.m */ = {isa = PBXFileReference; fileEncoding = 4; lastKnownFileType = sourcecode.c.objc; path = ApplicationCell.m; sourceTree = "<group>"; };
		6A32D29111BBC957004D72A6 /* ChallengeView.xib */ = {isa = PBXFileReference; lastKnownFileType = file.xib; path = ChallengeView.xib; sourceTree = "<group>"; };
		6A32D30411BBD043004D72A6 /* en */ = {isa = PBXFileReference; lastKnownFileType = file.xib; name = en; path = en.lproj/IndividualSubviewsBasedApplicationCell.xib; sourceTree = "<group>"; };
		6A32D3A411BBDB21004D72A6 /* Baseball.png */ = {isa = PBXFileReference; lastKnownFileType = image.png; path = Baseball.png; sourceTree = "<group>"; };
		6A32D3A511BBDB21004D72A6 /* Blocks.png */ = {isa = PBXFileReference; lastKnownFileType = image.png; path = Blocks.png; sourceTree = "<group>"; };
		6A32D3A611BBDB21004D72A6 /* Checkers.png */ = {isa = PBXFileReference; lastKnownFileType = image.png; path = Checkers.png; sourceTree = "<group>"; };
		6A51D4A511C0CF0000F6925E /* aquarium2.png */ = {isa = PBXFileReference; lastKnownFileType = image.png; path = aquarium2.png; sourceTree = "<group>"; };
		6A51D4A611C0CF0000F6925E /* aquarium1.png */ = {isa = PBXFileReference; lastKnownFileType = image.png; path = aquarium1.png; sourceTree = "<group>"; };
		6A51D4A711C0CF0000F6925E /* fisch5.png */ = {isa = PBXFileReference; lastKnownFileType = image.png; path = fisch5.png; sourceTree = "<group>"; };
		6A51D4A811C0CF0000F6925E /* aquarium_Foto.png */ = {isa = PBXFileReference; lastKnownFileType = image.png; path = aquarium_Foto.png; sourceTree = "<group>"; };
		6A51D4A911C0CF0000F6925E /* fisch4.png */ = {isa = PBXFileReference; lastKnownFileType = image.png; path = fisch4.png; sourceTree = "<group>"; };
		6A51D4AA11C0CF0000F6925E /* fisch3.png */ = {isa = PBXFileReference; lastKnownFileType = image.png; path = fisch3.png; sourceTree = "<group>"; };
		6A51D4AB11C0CF0000F6925E /* fisch2.png */ = {isa = PBXFileReference; lastKnownFileType = image.png; path = fisch2.png; sourceTree = "<group>"; };
		6AAABDA611BFD786002E0F61 /* ArenaView.xib */ = {isa = PBXFileReference; lastKnownFileType = file.xib; path = ArenaView.xib; sourceTree = "<group>"; };
		6AAD44A011BE782B0099AC5D /* square.png */ = {isa = PBXFileReference; lastKnownFileType = image.png; path = square.png; sourceTree = "<group>"; };
		6ACB74D911BFF26300FE9515 /* ArenaData.plist */ = {isa = PBXFileReference; fileEncoding = 4; lastKnownFileType = text.plist.xml; path = ArenaData.plist; sourceTree = "<group>"; };
		6ACB753511BFF7F700FE9515 /* en */ = {isa = PBXFileReference; lastKnownFileType = file.xib; name = en; path = en.lproj/ArenaApplicationCell.xib; sourceTree = "<group>"; };
		6ACB753711BFF85E00FE9515 /* ArenaApplicationCell.h */ = {isa = PBXFileReference; fileEncoding = 4; lastKnownFileType = sourcecode.c.h; path = ArenaApplicationCell.h; sourceTree = "<group>"; };
		6ACB753811BFF85E00FE9515 /* ArenaApplicationCell.m */ = {isa = PBXFileReference; fileEncoding = 4; lastKnownFileType = sourcecode.c.objc; path = ArenaApplicationCell.m; sourceTree = "<group>"; };
		6AF699F311BBC18900E8BE73 /* MyViewController.h */ = {isa = PBXFileReference; fileEncoding = 4; lastKnownFileType = sourcecode.c.h; path = MyViewController.h; sourceTree = "<group>"; };
		6AF699F411BBC18900E8BE73 /* MyViewController.m */ = {isa = PBXFileReference; fileEncoding = 4; lastKnownFileType = sourcecode.c.objc; path = MyViewController.m; sourceTree = "<group>"; };
		6AF699F511BBC18900E8BE73 /* ChallengeViewController.h */ = {isa = PBXFileReference; fileEncoding = 4; lastKnownFileType = sourcecode.c.h; path = ChallengeViewController.h; sourceTree = "<group>"; };
		6AF699F611BBC18900E8BE73 /* ChallengeViewController.m */ = {isa = PBXFileReference; fileEncoding = 4; lastKnownFileType = sourcecode.c.objc; path = ChallengeViewController.m; sourceTree = "<group>"; };
		6AF699F711BBC18900E8BE73 /* ShopViewController.h */ = {isa = PBXFileReference; fileEncoding = 4; lastKnownFileType = sourcecode.c.h; path = ShopViewController.h; sourceTree = "<group>"; };
		6AF699F811BBC18900E8BE73 /* ShopViewController.m */ = {isa = PBXFileReference; fileEncoding = 4; lastKnownFileType = sourcecode.c.objc; path = ShopViewController.m; sourceTree = "<group>"; };
		6AF699F911BBC18900E8BE73 /* PlaceViewController.h */ = {isa = PBXFileReference; fileEncoding = 4; lastKnownFileType = sourcecode.c.h; path = PlaceViewController.h; sourceTree = "<group>"; };
		6AF699FA11BBC18900E8BE73 /* PlaceViewController.m */ = {isa = PBXFileReference; fileEncoding = 4; lastKnownFileType = sourcecode.c.objc; path = PlaceViewController.m; sourceTree = "<group>"; };
		6AF699FB11BBC18900E8BE73 /* ArenaViewController.h */ = {isa = PBXFileReference; fileEncoding = 4; lastKnownFileType = sourcecode.c.h; path = ArenaViewController.h; sourceTree = "<group>"; };
		6AF699FC11BBC18900E8BE73 /* ArenaViewController.m */ = {isa = PBXFileReference; fileEncoding = 4; lastKnownFileType = sourcecode.c.objc; path = ArenaViewController.m; sourceTree = "<group>"; };
		6AF699FD11BBC18900E8BE73 /* AquariumViewController.h */ = {isa = PBXFileReference; fileEncoding = 4; lastKnownFileType = sourcecode.c.h; path = AquariumViewController.h; sourceTree = "<group>"; };
		6AF699FE11BBC18900E8BE73 /* AquariumViewController.m */ = {isa = PBXFileReference; fileEncoding = 4; lastKnownFileType = sourcecode.c.objc; path = AquariumViewController.m; sourceTree = "<group>"; };
		6AF69A0C11BBC1C800E8BE73 /* aquarium.png */ = {isa = PBXFileReference; lastKnownFileType = image.png; path = aquarium.png; sourceTree = "<group>"; };
		6AF69A0D11BBC1C800E8BE73 /* arena.png */ = {isa = PBXFileReference; lastKnownFileType = image.png; path = arena.png; sourceTree = "<group>"; };
		6AF69A0E11BBC1C800E8BE73 /* challenges.png */ = {isa = PBXFileReference; lastKnownFileType = image.png; path = challenges.png; sourceTree = "<group>"; };
		6AF69A0F11BBC1C800E8BE73 /* place.png */ = {isa = PBXFileReference; lastKnownFileType = image.png; path = place.png; sourceTree = "<group>"; };
		6AF69A1011BBC1C800E8BE73 /* shop.png */ = {isa = PBXFileReference; lastKnownFileType = image.png; path = shop.png; sourceTree = "<group>"; };
		6AF69A1111BBC1C800E8BE73 /* Default.png */ = {isa = PBXFileReference; lastKnownFileType = image.png; path = Default.png; sourceTree = "<group>"; };
		6AF69A1B11BBC22300E8BE73 /* ShopView.xib */ = {isa = PBXFileReference; lastKnownFileType = file.xib; path = ShopView.xib; sourceTree = "<group>"; };
		6AF69A1D11BBC22300E8BE73 /* PlaceView.xib */ = {isa = PBXFileReference; lastKnownFileType = file.xib; path = PlaceView.xib; sourceTree = "<group>"; };
		6AF69A1E11BBC22300E8BE73 /* AquariumView.xib */ = {isa = PBXFileReference; lastKnownFileType = file.xib; path = AquariumView.xib; sourceTree = "<group>"; };
		6AF69A2B11BBC27700E8BE73 /* en */ = {isa = PBXFileReference; lastKnownFileType = file.xib; name = en; path = en.lproj/MyView.xib; sourceTree = "<group>"; };
		8D1107310486CEB800E47090 /* PowerDown-Info.plist */ = {isa = PBXFileReference; fileEncoding = 4; lastKnownFileType = text.plist.xml; path = "PowerDown-Info.plist"; plistStructureDefinitionIdentifier = "com.apple.xcode.plist.structure-definition.iphone.info-plist"; sourceTree = "<group>"; };
/* End PBXFileReference section */

/* Begin PBXFrameworksBuildPhase section */
		1D60588F0D05DD3D006BFB54 /* Frameworks */ = {
			isa = PBXFrameworksBuildPhase;
			buildActionMask = 2147483647;
			files = (
				1D60589F0D05DD5A006BFB54 /* Foundation.framework in Frameworks */,
				1DF5F4E00D08C38300B7A737 /* UIKit.framework in Frameworks */,
				288765FD0DF74451002DB57D /* CoreGraphics.framework in Frameworks */,
			);
			runOnlyForDeploymentPostprocessing = 0;
		};
/* End PBXFrameworksBuildPhase section */

/* Begin PBXGroup section */
		080E96DDFE201D6D7F000001 /* Classes */ = {
			isa = PBXGroup;
			children = (
				6A32D26511BBC6FB004D72A6 /* Screens */,
				6AF699F311BBC18900E8BE73 /* MyViewController.h */,
				6AF699F411BBC18900E8BE73 /* MyViewController.m */,
				1D3623240D0F684500981E51 /* PowerDownAppDelegate.h */,
				1D3623250D0F684500981E51 /* PowerDownAppDelegate.m */,
			);
			path = Classes;
			sourceTree = "<group>";
		};
		19C28FACFE9D520D11CA2CBB /* Products */ = {
			isa = PBXGroup;
			children = (
				1D6058910D05DD3D006BFB54 /* PowerDown.app */,
			);
			name = Products;
			sourceTree = "<group>";
		};
		29B97314FDCFA39411CA2CEA /* CustomTemplate */ = {
			isa = PBXGroup;
			children = (
				080E96DDFE201D6D7F000001 /* Classes */,
				29B97315FDCFA39411CA2CEA /* Other Sources */,
				29B97317FDCFA39411CA2CEA /* Resources */,
				29B97323FDCFA39411CA2CEA /* Frameworks */,
				19C28FACFE9D520D11CA2CBB /* Products */,
			);
			name = CustomTemplate;
			sourceTree = "<group>";
		};
		29B97315FDCFA39411CA2CEA /* Other Sources */ = {
			isa = PBXGroup;
			children = (
				32CA4F630368D1EE00C91783 /* PowerDown_Prefix.pch */,
				29B97316FDCFA39411CA2CEA /* main.m */,
			);
			name = "Other Sources";
			sourceTree = "<group>";
		};
		29B97317FDCFA39411CA2CEA /* Resources */ = {
			isa = PBXGroup;
			children = (
				6ACB753411BFF7F700FE9515 /* ArenaApplicationCell.xib */,
				6ACB74DB11BFF27000FE9515 /* Data */,
				6A32D26811BBC795004D72A6 /* Images */,
				6A32D26711BBC776004D72A6 /* Icons */,
				6AF69A2A11BBC27700E8BE73 /* MyView.xib */,
				6AAABDA611BFD786002E0F61 /* ArenaView.xib */,
				6A32D29111BBC957004D72A6 /* ChallengeView.xib */,
				6AF69A1B11BBC22300E8BE73 /* ShopView.xib */,
				6AF69A1D11BBC22300E8BE73 /* PlaceView.xib */,
				6AF69A1E11BBC22300E8BE73 /* AquariumView.xib */,
				28AD733E0D9D9553002E5188 /* MainWindow.xib */,
				6A32D30311BBD043004D72A6 /* IndividualSubviewsBasedApplicationCell.xib */,
				8D1107310486CEB800E47090 /* PowerDown-Info.plist */,
			);
			name = Resources;
			sourceTree = "<group>";
		};
		29B97323FDCFA39411CA2CEA /* Frameworks */ = {
			isa = PBXGroup;
			children = (
				1DF5F4DF0D08C38300B7A737 /* UIKit.framework */,
				1D30AB110D05D00D00671497 /* Foundation.framework */,
				288765FC0DF74451002DB57D /* CoreGraphics.framework */,
			);
			name = Frameworks;
			sourceTree = "<group>";
		};
		6A32D26511BBC6FB004D72A6 /* Screens */ = {
			isa = PBXGroup;
			children = (
				6A32D26611BBC737004D72A6 /* UI Elements */,
				6AAABD2911BFCC4E002E0F61 /* ArenaScreen */,
				6A32D28211BBC85E004D72A6 /* ChallengeScreen */,
				6AF699F711BBC18900E8BE73 /* ShopViewController.h */,
				6AF699F811BBC18900E8BE73 /* ShopViewController.m */,
				6AF699F911BBC18900E8BE73 /* PlaceViewController.h */,
				6AF699FA11BBC18900E8BE73 /* PlaceViewController.m */,
				6AF699FD11BBC18900E8BE73 /* AquariumViewController.h */,
				6AF699FE11BBC18900E8BE73 /* AquariumViewController.m */,
			);
			name = Screens;
			sourceTree = "<group>";
		};
		6A32D26611BBC737004D72A6 /* UI Elements */ = {
			isa = PBXGroup;
			children = (
				6A32D28C11BBC8EF004D72A6 /* ApplicationCell.h */,
				6A32D28D11BBC8EF004D72A6 /* ApplicationCell.m */,
			);
			name = "UI Elements";
			sourceTree = "<group>";
		};
		6A32D26711BBC776004D72A6 /* Icons */ = {
			isa = PBXGroup;
			children = (
				6AAD44A011BE782B0099AC5D /* square.png */,
				6A32D3A411BBDB21004D72A6 /* Baseball.png */,
				6A32D3A511BBDB21004D72A6 /* Blocks.png */,
				6A32D3A611BBDB21004D72A6 /* Checkers.png */,
			);
			name = Icons;
			sourceTree = "<group>";
		};
		6A32D26811BBC795004D72A6 /* Images */ = {
			isa = PBXGroup;
			children = (
				6A003FE111C0CFA500F08B3B /* fisch1.png */,
				6A51D4A511C0CF0000F6925E /* aquarium2.png */,
				6A51D4A611C0CF0000F6925E /* aquarium1.png */,
				6A51D4A711C0CF0000F6925E /* fisch5.png */,
				6A51D4A811C0CF0000F6925E /* aquarium_Foto.png */,
				6A51D4A911C0CF0000F6925E /* fisch4.png */,
				6A51D4AA11C0CF0000F6925E /* fisch3.png */,
				6A51D4AB11C0CF0000F6925E /* fisch2.png */,
				6AF69A0C11BBC1C800E8BE73 /* aquarium.png */,
				6AF69A0D11BBC1C800E8BE73 /* arena.png */,
				6AF69A0E11BBC1C800E8BE73 /* challenges.png */,
				6AF69A0F11BBC1C800E8BE73 /* place.png */,
				6AF69A1011BBC1C800E8BE73 /* shop.png */,
				6AF69A1111BBC1C800E8BE73 /* Default.png */,
			);
			name = Images;
			sourceTree = "<group>";
		};
		6A32D28211BBC85E004D72A6 /* ChallengeScreen */ = {
			isa = PBXGroup;
			children = (
				6A32D28A11BBC8EF004D72A6 /* IndividualSubviewsBasedApplicationCell.h */,
				6A32D28B11BBC8EF004D72A6 /* IndividualSubviewsBasedApplicationCell.m */,
				6AF699F511BBC18900E8BE73 /* ChallengeViewController.h */,
				6AF699F611BBC18900E8BE73 /* ChallengeViewController.m */,
			);
			name = ChallengeScreen;
			sourceTree = "<group>";
		};
		6AAABD2911BFCC4E002E0F61 /* ArenaScreen */ = {
			isa = PBXGroup;
			children = (
				6ACB753711BFF85E00FE9515 /* ArenaApplicationCell.h */,
				6ACB753811BFF85E00FE9515 /* ArenaApplicationCell.m */,
				6AF699FB11BBC18900E8BE73 /* ArenaViewController.h */,
				6AF699FC11BBC18900E8BE73 /* ArenaViewController.m */,
			);
			name = ArenaScreen;
			sourceTree = "<group>";
		};
		6ACB74DB11BFF27000FE9515 /* Data */ = {
			isa = PBXGroup;
			children = (
				6ACB74D911BFF26300FE9515 /* ArenaData.plist */,
				6A32D28611BBC8C2004D72A6 /* ChallengeData.plist */,
			);
			name = Data;
			sourceTree = "<group>";
		};
/* End PBXGroup section */

/* Begin PBXNativeTarget section */
		1D6058900D05DD3D006BFB54 /* PowerDown */ = {
			isa = PBXNativeTarget;
			buildConfigurationList = 1D6058960D05DD3E006BFB54 /* Build configuration list for PBXNativeTarget "PowerDown" */;
			buildPhases = (
				1D60588D0D05DD3D006BFB54 /* Resources */,
				1D60588E0D05DD3D006BFB54 /* Sources */,
				1D60588F0D05DD3D006BFB54 /* Frameworks */,
			);
			buildRules = (
			);
			dependencies = (
			);
			name = PowerDown;
			productName = PowerDown;
			productReference = 1D6058910D05DD3D006BFB54 /* PowerDown.app */;
			productType = "com.apple.product-type.application";
		};
/* End PBXNativeTarget section */

/* Begin PBXProject section */
		29B97313FDCFA39411CA2CEA /* Project object */ = {
			isa = PBXProject;
			buildConfigurationList = C01FCF4E08A954540054247B /* Build configuration list for PBXProject "PowerDown" */;
			compatibilityVersion = "Xcode 3.1";
			hasScannedForEncodings = 1;
			knownRegions = (
				English,
				Japanese,
				French,
				German,
				en,
			);
			mainGroup = 29B97314FDCFA39411CA2CEA /* CustomTemplate */;
			projectDirPath = "";
			projectRoot = "";
			targets = (
				1D6058900D05DD3D006BFB54 /* PowerDown */,
			);
		};
/* End PBXProject section */

/* Begin PBXResourcesBuildPhase section */
		1D60588D0D05DD3D006BFB54 /* Resources */ = {
			isa = PBXResourcesBuildPhase;
			buildActionMask = 2147483647;
			files = (
				28AD733F0D9D9553002E5188 /* MainWindow.xib in Resources */,
				6AF69A1211BBC1C800E8BE73 /* aquarium.png in Resources */,
				6AF69A1311BBC1C800E8BE73 /* arena.png in Resources */,
				6AF69A1411BBC1C800E8BE73 /* challenges.png in Resources */,
				6AF69A1511BBC1C800E8BE73 /* place.png in Resources */,
				6AF69A1611BBC1C800E8BE73 /* shop.png in Resources */,
				6AF69A1711BBC1C800E8BE73 /* Default.png in Resources */,
				6AF69A2011BBC22300E8BE73 /* ShopView.xib in Resources */,
				6AF69A2211BBC22300E8BE73 /* PlaceView.xib in Resources */,
				6AF69A2311BBC22300E8BE73 /* AquariumView.xib in Resources */,
				6AF69A2D11BBC27700E8BE73 /* MyView.xib in Resources */,
				6A32D28711BBC8C2004D72A6 /* ChallengeData.plist in Resources */,
				6A32D29211BBC957004D72A6 /* ChallengeView.xib in Resources */,
				6A32D30511BBD043004D72A6 /* IndividualSubviewsBasedApplicationCell.xib in Resources */,
				6A32D3A711BBDB21004D72A6 /* Baseball.png in Resources */,
				6A32D3A811BBDB21004D72A6 /* Blocks.png in Resources */,
				6A32D3A911BBDB21004D72A6 /* Checkers.png in Resources */,
				6AAD44A111BE782B0099AC5D /* square.png in Resources */,
				6AAABDA711BFD786002E0F61 /* ArenaView.xib in Resources */,
				6ACB74DA11BFF26300FE9515 /* ArenaData.plist in Resources */,
				6ACB753611BFF7F700FE9515 /* ArenaApplicationCell.xib in Resources */,
				6A51D4AD11C0CF0000F6925E /* aquarium2.png in Resources */,
				6A51D4AE11C0CF0000F6925E /* aquarium1.png in Resources */,
				6A51D4AF11C0CF0000F6925E /* fisch5.png in Resources */,
				6A51D4B011C0CF0000F6925E /* aquarium_Foto.png in Resources */,
				6A51D4B111C0CF0000F6925E /* fisch4.png in Resources */,
				6A51D4B211C0CF0000F6925E /* fisch3.png in Resources */,
				6A51D4B311C0CF0000F6925E /* fisch2.png in Resources */,
				6A003FE211C0CFA500F08B3B /* fisch1.png in Resources */,
			);
			runOnlyForDeploymentPostprocessing = 0;
		};
/* End PBXResourcesBuildPhase section */

/* Begin PBXSourcesBuildPhase section */
		1D60588E0D05DD3D006BFB54 /* Sources */ = {
			isa = PBXSourcesBuildPhase;
			buildActionMask = 2147483647;
			files = (
				1D60589B0D05DD56006BFB54 /* main.m in Sources */,
				1D3623260D0F684500981E51 /* PowerDownAppDelegate.m in Sources */,
				6AF699FF11BBC18900E8BE73 /* MyViewController.m in Sources */,
				6AF69A0011BBC18900E8BE73 /* ChallengeViewController.m in Sources */,
				6AF69A0111BBC18900E8BE73 /* ShopViewController.m in Sources */,
				6AF69A0211BBC18900E8BE73 /* PlaceViewController.m in Sources */,
				6AF69A0311BBC18900E8BE73 /* ArenaViewController.m in Sources */,
				6AF69A0411BBC18900E8BE73 /* AquariumViewController.m in Sources */,
				6A32D28F11BBC8EF004D72A6 /* IndividualSubviewsBasedApplicationCell.m in Sources */,
				6A32D29011BBC8EF004D72A6 /* ApplicationCell.m in Sources */,
				6ACB753911BFF85E00FE9515 /* ArenaApplicationCell.m in Sources */,
			);
			runOnlyForDeploymentPostprocessing = 0;
		};
/* End PBXSourcesBuildPhase section */

/* Begin PBXVariantGroup section */
		6A32D30311BBD043004D72A6 /* IndividualSubviewsBasedApplicationCell.xib */ = {
			isa = PBXVariantGroup;
			children = (
				6A32D30411BBD043004D72A6 /* en */,
			);
			name = IndividualSubviewsBasedApplicationCell.xib;
			sourceTree = "<group>";
		};
		6ACB753411BFF7F700FE9515 /* ArenaApplicationCell.xib */ = {
			isa = PBXVariantGroup;
			children = (
				6ACB753511BFF7F700FE9515 /* en */,
			);
			name = ArenaApplicationCell.xib;
			sourceTree = "<group>";
		};
		6AF69A2A11BBC27700E8BE73 /* MyView.xib */ = {
			isa = PBXVariantGroup;
			children = (
				6AF69A2B11BBC27700E8BE73 /* en */,
			);
			name = MyView.xib;
			sourceTree = "<group>";
		};
/* End PBXVariantGroup section */

/* Begin XCBuildConfiguration section */
		1D6058940D05DD3E006BFB54 /* Debug */ = {
			isa = XCBuildConfiguration;
			buildSettings = {
				ALWAYS_SEARCH_USER_PATHS = NO;
				COPY_PHASE_STRIP = NO;
				GCC_DYNAMIC_NO_PIC = NO;
				GCC_OPTIMIZATION_LEVEL = 0;
				GCC_PRECOMPILE_PREFIX_HEADER = YES;
				GCC_PREFIX_HEADER = PowerDown_Prefix.pch;
				INFOPLIST_FILE = "PowerDown-Info.plist";
				PRODUCT_NAME = PowerDown;
			};
			name = Debug;
		};
		1D6058950D05DD3E006BFB54 /* Release */ = {
			isa = XCBuildConfiguration;
			buildSettings = {
				ALWAYS_SEARCH_USER_PATHS = NO;
				COPY_PHASE_STRIP = YES;
				GCC_PRECOMPILE_PREFIX_HEADER = YES;
				GCC_PREFIX_HEADER = PowerDown_Prefix.pch;
				INFOPLIST_FILE = "PowerDown-Info.plist";
				PRODUCT_NAME = PowerDown;
				VALIDATE_PRODUCT = YES;
			};
			name = Release;
		};
		C01FCF4F08A954540054247B /* Debug */ = {
			isa = XCBuildConfiguration;
			buildSettings = {
				"ARCHS[sdk=iphoneos*]" = armv7;
				"ARCHS[sdk=iphonesimulator*]" = i386;
				"CODE_SIGN_IDENTITY[sdk=iphoneos*]" = "iPhone Developer";
				GCC_C_LANGUAGE_STANDARD = c99;
				GCC_WARN_ABOUT_RETURN_TYPE = YES;
				GCC_WARN_UNUSED_VARIABLE = YES;
				PREBINDING = NO;
				SDKROOT = iphoneos3.2;
				TARGETED_DEVICE_FAMILY = 2;
			};
			name = Debug;
		};
		C01FCF5008A954540054247B /* Release */ = {
			isa = XCBuildConfiguration;
			buildSettings = {
				"ARCHS[sdk=iphoneos*]" = armv7;
				"ARCHS[sdk=iphonesimulator*]" = i386;
				"CODE_SIGN_IDENTITY[sdk=iphoneos*]" = "iPhone Developer";
				GCC_C_LANGUAGE_STANDARD = c99;
				GCC_WARN_ABOUT_RETURN_TYPE = YES;
				GCC_WARN_UNUSED_VARIABLE = YES;
				OTHER_CFLAGS = "-DNS_BLOCK_ASSERTIONS=1";
				PREBINDING = NO;
				SDKROOT = iphoneos3.2;
				TARGETED_DEVICE_FAMILY = 2;
			};
			name = Release;
		};
/* End XCBuildConfiguration section */

/* Begin XCConfigurationList section */
		1D6058960D05DD3E006BFB54 /* Build configuration list for PBXNativeTarget "PowerDown" */ = {
			isa = XCConfigurationList;
			buildConfigurations = (
				1D6058940D05DD3E006BFB54 /* Debug */,
				1D6058950D05DD3E006BFB54 /* Release */,
			);
			defaultConfigurationIsVisible = 0;
			defaultConfigurationName = Release;
		};
		C01FCF4E08A954540054247B /* Build configuration list for PBXProject "PowerDown" */ = {
			isa = XCConfigurationList;
			buildConfigurations = (
				C01FCF4F08A954540054247B /* Debug */,
				C01FCF5008A954540054247B /* Release */,
			);
			defaultConfigurationIsVisible = 0;
			defaultConfigurationName = Release;
		};
/* End XCConfigurationList section */
	};
	rootObject = 29B97313FDCFA39411CA2CEA /* Project object */;
}
